{
  "requires": true,
  "lockfileVersion": 1,
  "dependencies": {
    "@types/node": {
      "version": "12.12.14",
      "resolved": "https://registry.npmjs.org/@types/node/-/node-12.12.14.tgz",
      "integrity": "sha512-u/SJDyXwuihpwjXy7hOOghagLEV1KdAST6syfnOk6QZAMzZuWZqXy5aYYZbh8Jdpd4escVFP0MvftHNDb9pruA=="
    },
    "@types/pg": {
      "version": "7.11.2",
      "resolved": "https://registry.npmjs.org/@types/pg/-/pg-7.11.2.tgz",
      "integrity": "sha512-4+rj7fnidA77jFURNanuPPc1HrQv+RkhI6s+K18G9zOKbOUUpChA/rbNMqFukNuZ89LoIt/I9dAlxf329TjCNw==",
      "dev": true,
      "requires": {
        "@types/node": "*",
        "@types/pg-types": "*"
      }
    },
    "@types/pg-types": {
      "version": "1.11.5",
      "resolved": "https://registry.npmjs.org/@types/pg-types/-/pg-types-1.11.5.tgz",
      "integrity": "sha512-L8ogeT6vDzT1vxlW3KITTCt+BVXXVkLXfZ/XNm6UqbcJgxf+KPO7yjWx7dQQE8RW07KopL10x2gNMs41+IkMGQ==",
      "dev": true
    }
  }
}
